
Microsoft Visual Studio Solution File, Format Version 12.00
# Visual Studio Version 17
VisualStudioVersion = 17.14.36301.6 d17.14
MinimumVisualStudioVersion = 10.0.40219.1
Project("{FAE04EC0-301F-11D3-BF4B-00C04F79EFBC}") = "EcommerceBackend", "EcommerceBackend\EcommerceBackend.csproj", "{507ED6EE-208B-429A-AE6D-B022C6F338FC}"
EndProject
Global
	GlobalSection(SolutionConfigurationPlatforms) = preSolution
		Debug|Any CPU = Debug|Any CPU
		Release|Any CPU = Release|Any CPU
	EndGlobalSection
	GlobalSection(ProjectConfigurationPlatforms) = postSolution
		{507ED6EE-208B-429A-AE6D-B022C6F338FC}.Debug|Any CPU.ActiveCfg = Debug|Any CPU
		{507ED6EE-208B-429A-AE6D-B022C6F338FC}.Debug|Any CPU.Build.0 = Debug|Any CPU
		{507ED6EE-208B-429A-AE6D-B022C6F338FC}.Release|Any CPU.ActiveCfg = Release|Any CPU
		{507ED6EE-208B-429A-AE6D-B022C6F338FC}.Release|Any CPU.Build.0 = Release|Any CPU
	EndGlobalSection
	GlobalSection(SolutionProperties) = preSolution
		HideSolutionNode = FALSE
	EndGlobalSection
	GlobalSection(ExtensibilityGlobals) = postSolution
		SolutionGuid = {DB19EF6B-BE44-4071-A45B-19E349A24C2D}
	EndGlobalSection
EndGlobal
